
Microsoft Visual Studio Solution File, Format Version 12.00
# Visual Studio 15
VisualStudioVersion = 15.0.27130.2036
MinimumVisualStudioVersion = 10.0.40219.1
Project("{FAE04EC0-301F-11D3-BF4B-00C04F79EFBC}") = "ChatLikeQQOnActiveMQ.Driver", "ChatLikeQQOnActiveMQ.Driver\ChatLikeQQOnActiveMQ.Driver.csproj", "{3EE96C6B-1CFA-4ABA-B478-C24D0D9566D4}"
EndProject
Project("{FAE04EC0-301F-11D3-BF4B-00C04F79EFBC}") = "ChatLikeQQOnActiveMQ.Model", "ChatLikeQQOnActiveMQ.Model\ChatLikeQQOnActiveMQ.Model.csproj", "{DE7E5B41-3857-43B5-8CA7-887E4A3F197F}"
EndProject
Project("{FAE04EC0-301F-11D3-BF4B-00C04F79EFBC}") = "ChatLikeQQOnActiveMQ.Server", "ChatLikeQQOnActiveMQ.Server\ChatLikeQQOnActiveMQ.Server.csproj", "{3F57A730-FB92-4B9E-A97D-0ABF92F95C3D}"
EndProject
Project("{FAE04EC0-301F-11D3-BF4B-00C04F79EFBC}") = "ChatLikeQQOnActiveMQ.Client", "ChatLikeQQOnActiveMQ.Client\ChatLikeQQOnActiveMQ.Client.csproj", "{21E748D5-633E-48EF-8253-89FC02A0190F}"
EndProject
Project("{FAE04EC0-301F-11D3-BF4B-00C04F79EFBC}") = "ChatLikeQQOnActiveMQ.Test", "ChatLikeQQOnActiveMQ.Test\ChatLikeQQOnActiveMQ.Test.csproj", "{39710ADC-E9C4-4642-BC4B-137D0A1ABCDB}"
EndProject
Project("{FAE04EC0-301F-11D3-BF4B-00C04F79EFBC}") = "ChatLikeQQOnActiveMQ.DAL", "ChatLikeQQOnActiveMQ.DAL\ChatLikeQQOnActiveMQ.DAL.csproj", "{FAEC138F-1E0F-4DDC-A29F-5D472E86CA1B}"
EndProject
Project("{FAE04EC0-301F-11D3-BF4B-00C04F79EFBC}") = "ChatLikeQQOnActiveMQ.BLL", "ChatLikeQQOnActiveMQ.BLL\ChatLikeQQOnActiveMQ.BLL.csproj", "{72A283E1-7913-4F62-BB05-9D585302E41E}"
EndProject
Project("{FAE04EC0-301F-11D3-BF4B-00C04F79EFBC}") = "ChatLikeQQOnActiveMQ.Common", "ChatLikeQQOnActiveMQ.Common\ChatLikeQQOnActiveMQ.Common.csproj", "{5A5FC031-2E77-483D-AC95-0A82FB7EB6A4}"
EndProject
Project("{FAE04EC0-301F-11D3-BF4B-00C04F79EFBC}") = "WetChatWait", "WetChatWait\WetChatWait.csproj", "{49165540-EBE9-48B7-A57B-152926C23BE7}"
EndProject
Global
	GlobalSection(SolutionConfigurationPlatforms) = preSolution
		Debug|Any CPU = Debug|Any CPU
		Release|Any CPU = Release|Any CPU
	EndGlobalSection
	GlobalSection(ProjectConfigurationPlatforms) = postSolution
		{3EE96C6B-1CFA-4ABA-B478-C24D0D9566D4}.Debug|Any CPU.ActiveCfg = Debug|Any CPU
		{3EE96C6B-1CFA-4ABA-B478-C24D0D9566D4}.Debug|Any CPU.Build.0 = Debug|Any CPU
		{3EE96C6B-1CFA-4ABA-B478-C24D0D9566D4}.Release|Any CPU.ActiveCfg = Release|Any CPU
		{3EE96C6B-1CFA-4ABA-B478-C24D0D9566D4}.Release|Any CPU.Build.0 = Release|Any CPU
		{DE7E5B41-3857-43B5-8CA7-887E4A3F197F}.Debug|Any CPU.ActiveCfg = Debug|Any CPU
		{DE7E5B41-3857-43B5-8CA7-887E4A3F197F}.Debug|Any CPU.Build.0 = Debug|Any CPU
		{DE7E5B41-3857-43B5-8CA7-887E4A3F197F}.Release|Any CPU.ActiveCfg = Release|Any CPU
		{DE7E5B41-3857-43B5-8CA7-887E4A3F197F}.Release|Any CPU.Build.0 = Release|Any CPU
		{3F57A730-FB92-4B9E-A97D-0ABF92F95C3D}.Debug|Any CPU.ActiveCfg = Debug|Any CPU
		{3F57A730-FB92-4B9E-A97D-0ABF92F95C3D}.Debug|Any CPU.Build.0 = Debug|Any CPU
		{3F57A730-FB92-4B9E-A97D-0ABF92F95C3D}.Release|Any CPU.ActiveCfg = Release|Any CPU
		{3F57A730-FB92-4B9E-A97D-0ABF92F95C3D}.Release|Any CPU.Build.0 = Release|Any CPU
		{21E748D5-633E-48EF-8253-89FC02A0190F}.Debug|Any CPU.ActiveCfg = Debug|Any CPU
		{21E748D5-633E-48EF-8253-89FC02A0190F}.Debug|Any CPU.Build.0 = Debug|Any CPU
		{21E748D5-633E-48EF-8253-89FC02A0190F}.Release|Any CPU.ActiveCfg = Release|Any CPU
		{21E748D5-633E-48EF-8253-89FC02A0190F}.Release|Any CPU.Build.0 = Release|Any CPU
		{39710ADC-E9C4-4642-BC4B-137D0A1ABCDB}.Debug|Any CPU.ActiveCfg = Debug|Any CPU
		{39710ADC-E9C4-4642-BC4B-137D0A1ABCDB}.Debug|Any CPU.Build.0 = Debug|Any CPU
		{39710ADC-E9C4-4642-BC4B-137D0A1ABCDB}.Release|Any CPU.ActiveCfg = Release|Any CPU
		{39710ADC-E9C4-4642-BC4B-137D0A1ABCDB}.Release|Any CPU.Build.0 = Release|Any CPU
		{FAEC138F-1E0F-4DDC-A29F-5D472E86CA1B}.Debug|Any CPU.ActiveCfg = Debug|Any CPU
		{FAEC138F-1E0F-4DDC-A29F-5D472E86CA1B}.Debug|Any CPU.Build.0 = Debug|Any CPU
		{FAEC138F-1E0F-4DDC-A29F-5D472E86CA1B}.Release|Any CPU.ActiveCfg = Release|Any CPU
		{FAEC138F-1E0F-4DDC-A29F-5D472E86CA1B}.Release|Any CPU.Build.0 = Release|Any CPU
		{72A283E1-7913-4F62-BB05-9D585302E41E}.Debug|Any CPU.ActiveCfg = Debug|Any CPU
		{72A283E1-7913-4F62-BB05-9D585302E41E}.Debug|Any CPU.Build.0 = Debug|Any CPU
		{72A283E1-7913-4F62-BB05-9D585302E41E}.Release|Any CPU.ActiveCfg = Release|Any CPU
		{72A283E1-7913-4F62-BB05-9D585302E41E}.Release|Any CPU.Build.0 = Release|Any CPU
		{5A5FC031-2E77-483D-AC95-0A82FB7EB6A4}.Debug|Any CPU.ActiveCfg = Debug|Any CPU
		{5A5FC031-2E77-483D-AC95-0A82FB7EB6A4}.Debug|Any CPU.Build.0 = Debug|Any CPU
		{5A5FC031-2E77-483D-AC95-0A82FB7EB6A4}.Release|Any CPU.ActiveCfg = Release|Any CPU
		{5A5FC031-2E77-483D-AC95-0A82FB7EB6A4}.Release|Any CPU.Build.0 = Release|Any CPU
		{49165540-EBE9-48B7-A57B-152926C23BE7}.Debug|Any CPU.ActiveCfg = Debug|Any CPU
		{49165540-EBE9-48B7-A57B-152926C23BE7}.Debug|Any CPU.Build.0 = Debug|Any CPU
		{49165540-EBE9-48B7-A57B-152926C23BE7}.Release|Any CPU.ActiveCfg = Release|Any CPU
		{49165540-EBE9-48B7-A57B-152926C23BE7}.Release|Any CPU.Build.0 = Release|Any CPU
	EndGlobalSection
	GlobalSection(SolutionProperties) = preSolution
		HideSolutionNode = FALSE
	EndGlobalSection
	GlobalSection(ExtensibilityGlobals) = postSolution
		SolutionGuid = {3F3BFDD9-B881-4A0B-BDDF-00B653CF6BE4}
	EndGlobalSection
EndGlobal
